
Microsoft Visual Studio Solution File, Format Version 12.00
# Visual Studio Version 17
VisualStudioVersion = 17.13.35818.85 d17.13
MinimumVisualStudioVersion = 10.0.40219.1
Project("{FAE04EC0-301F-11D3-BF4B-00C04F79EFBC}") = "to do list app", "to do list app\to do list app.csproj", "{A0D4082B-6F62-45AD-BCC8-78F2A7D12634}"
EndProject
Global
	GlobalSection(SolutionConfigurationPlatforms) = preSolution
		Debug|Any CPU = Debug|Any CPU
		Release|Any CPU = Release|Any CPU
	EndGlobalSection
	GlobalSection(ProjectConfigurationPlatforms) = postSolution
		{A0D4082B-6F62-45AD-BCC8-78F2A7D12634}.Debug|Any CPU.ActiveCfg = Debug|Any CPU
		{A0D4082B-6F62-45AD-BCC8-78F2A7D12634}.Debug|Any CPU.Build.0 = Debug|Any CPU
		{A0D4082B-6F62-45AD-BCC8-78F2A7D12634}.Release|Any CPU.ActiveCfg = Release|Any CPU
		{A0D4082B-6F62-45AD-BCC8-78F2A7D12634}.Release|Any CPU.Build.0 = Release|Any CPU
	EndGlobalSection
	GlobalSection(SolutionProperties) = preSolution
		HideSolutionNode = FALSE
	EndGlobalSection
	GlobalSection(ExtensibilityGlobals) = postSolution
		SolutionGuid = {569337B1-5466-495A-9D0C-41B5B0D2B862}
	EndGlobalSection
EndGlobal
